
Microsoft Visual Studio Solution File, Format Version 12.00
# Visual Studio Version 16
VisualStudioVersion = 16.0.31205.134
MinimumVisualStudioVersion = 10.0.40219.1
Project("{9A19103F-16F7-4668-BE54-9A1E7A4F7556}") = "ConteoRecaudo.API", "Conteo y recaudo\ConteoRecaudo.API.csproj", "{C7B7575F-CD57-4F8A-9C8D-0EE1F5797448}"
EndProject
Project("{FAE04EC0-301F-11D3-BF4B-00C04F79EFBC}") = "Infrastructure", "Infrastructure\Infrastructure.csproj", "{E3C12D28-642C-499C-BA97-55DDD9F75867}"
EndProject
Project("{FAE04EC0-301F-11D3-BF4B-00C04F79EFBC}") = "Core", "Core\Core.csproj", "{C9B056A4-CED6-4CF1-B98E-9196A8A6F364}"
EndProject
Global
	GlobalSection(SolutionConfigurationPlatforms) = preSolution
		Debug|Any CPU = Debug|Any CPU
		Release|Any CPU = Release|Any CPU
	EndGlobalSection
	GlobalSection(ProjectConfigurationPlatforms) = postSolution
		{C7B7575F-CD57-4F8A-9C8D-0EE1F5797448}.Debug|Any CPU.ActiveCfg = Debug|Any CPU
		{C7B7575F-CD57-4F8A-9C8D-0EE1F5797448}.Debug|Any CPU.Build.0 = Debug|Any CPU
		{C7B7575F-CD57-4F8A-9C8D-0EE1F5797448}.Release|Any CPU.ActiveCfg = Release|Any CPU
		{C7B7575F-CD57-4F8A-9C8D-0EE1F5797448}.Release|Any CPU.Build.0 = Release|Any CPU
		{E3C12D28-642C-499C-BA97-55DDD9F75867}.Debug|Any CPU.ActiveCfg = Debug|Any CPU
		{E3C12D28-642C-499C-BA97-55DDD9F75867}.Debug|Any CPU.Build.0 = Debug|Any CPU
		{E3C12D28-642C-499C-BA97-55DDD9F75867}.Release|Any CPU.ActiveCfg = Release|Any CPU
		{E3C12D28-642C-499C-BA97-55DDD9F75867}.Release|Any CPU.Build.0 = Release|Any CPU
		{C9B056A4-CED6-4CF1-B98E-9196A8A6F364}.Debug|Any CPU.ActiveCfg = Debug|Any CPU
		{C9B056A4-CED6-4CF1-B98E-9196A8A6F364}.Debug|Any CPU.Build.0 = Debug|Any CPU
		{C9B056A4-CED6-4CF1-B98E-9196A8A6F364}.Release|Any CPU.ActiveCfg = Release|Any CPU
		{C9B056A4-CED6-4CF1-B98E-9196A8A6F364}.Release|Any CPU.Build.0 = Release|Any CPU
	EndGlobalSection
	GlobalSection(SolutionProperties) = preSolution
		HideSolutionNode = FALSE
	EndGlobalSection
	GlobalSection(ExtensibilityGlobals) = postSolution
		SolutionGuid = {FE4038D2-960D-436B-B0FC-CD5753F1EC4A}
	EndGlobalSection
EndGlobal
